
Microsoft Visual Studio Solution File, Format Version 12.00
# Visual Studio Version 16
VisualStudioVersion = 16.0.31313.79
MinimumVisualStudioVersion = 10.0.40219.1
Project("{9A19103F-16F7-4668-BE54-9A1E7A4F7556}") = "AgentAssistant", "AgentAssistant\AgentAssistant.csproj", "{FE2861D8-047D-4EDF-B8CA-97CA73614F1E}"
EndProject
Project("{FAE04EC0-301F-11D3-BF4B-00C04F79EFBC}") = "Entities", "Entities\Entities.csproj", "{F1DDBB41-ADC2-4A02-B45A-0DC807756054}"
EndProject
Global
	GlobalSection(SolutionConfigurationPlatforms) = preSolution
		Debug|Any CPU = Debug|Any CPU
		Release|Any CPU = Release|Any CPU
	EndGlobalSection
	GlobalSection(ProjectConfigurationPlatforms) = postSolution
		{FE2861D8-047D-4EDF-B8CA-97CA73614F1E}.Debug|Any CPU.ActiveCfg = Debug|Any CPU
		{FE2861D8-047D-4EDF-B8CA-97CA73614F1E}.Debug|Any CPU.Build.0 = Debug|Any CPU
		{FE2861D8-047D-4EDF-B8CA-97CA73614F1E}.Release|Any CPU.ActiveCfg = Release|Any CPU
		{FE2861D8-047D-4EDF-B8CA-97CA73614F1E}.Release|Any CPU.Build.0 = Release|Any CPU
		{F1DDBB41-ADC2-4A02-B45A-0DC807756054}.Debug|Any CPU.ActiveCfg = Debug|Any CPU
		{F1DDBB41-ADC2-4A02-B45A-0DC807756054}.Debug|Any CPU.Build.0 = Debug|Any CPU
		{F1DDBB41-ADC2-4A02-B45A-0DC807756054}.Release|Any CPU.ActiveCfg = Release|Any CPU
		{F1DDBB41-ADC2-4A02-B45A-0DC807756054}.Release|Any CPU.Build.0 = Release|Any CPU
	EndGlobalSection
	GlobalSection(SolutionProperties) = preSolution
		HideSolutionNode = FALSE
	EndGlobalSection
	GlobalSection(ExtensibilityGlobals) = postSolution
		SolutionGuid = {A4A8807F-2B86-44D1-A523-41B1D8856D6A}
	EndGlobalSection
EndGlobal
